
Microsoft Visual Studio Solution File, Format Version 12.00
# Visual Studio Version 17
VisualStudioVersion = 17.8.34525.116
MinimumVisualStudioVersion = 10.0.40219.1
Project("{FAE04EC0-301F-11D3-BF4B-00C04F79EFBC}") = "pet", "pet\pet.csproj", "{9F4B0205-1AF2-40FF-BE5C-3D064811E9C9}"
EndProject
Project("{FAE04EC0-301F-11D3-BF4B-00C04F79EFBC}") = "prikol", "prikol\prikol.csproj", "{7539DE3A-0A39-48B4-ADC2-772C2F71AA9C}"
EndProject
Global
	GlobalSection(SolutionConfigurationPlatforms) = preSolution
		Debug|Any CPU = Debug|Any CPU
		Release|Any CPU = Release|Any CPU
	EndGlobalSection
	GlobalSection(ProjectConfigurationPlatforms) = postSolution
		{9F4B0205-1AF2-40FF-BE5C-3D064811E9C9}.Debug|Any CPU.ActiveCfg = Debug|Any CPU
		{9F4B0205-1AF2-40FF-BE5C-3D064811E9C9}.Debug|Any CPU.Build.0 = Debug|Any CPU
		{9F4B0205-1AF2-40FF-BE5C-3D064811E9C9}.Release|Any CPU.ActiveCfg = Release|Any CPU
		{9F4B0205-1AF2-40FF-BE5C-3D064811E9C9}.Release|Any CPU.Build.0 = Release|Any CPU
		{7539DE3A-0A39-48B4-ADC2-772C2F71AA9C}.Debug|Any CPU.ActiveCfg = Debug|Any CPU
		{7539DE3A-0A39-48B4-ADC2-772C2F71AA9C}.Debug|Any CPU.Build.0 = Debug|Any CPU
		{7539DE3A-0A39-48B4-ADC2-772C2F71AA9C}.Release|Any CPU.ActiveCfg = Release|Any CPU
		{7539DE3A-0A39-48B4-ADC2-772C2F71AA9C}.Release|Any CPU.Build.0 = Release|Any CPU
	EndGlobalSection
	GlobalSection(SolutionProperties) = preSolution
		HideSolutionNode = FALSE
	EndGlobalSection
	GlobalSection(ExtensibilityGlobals) = postSolution
		SolutionGuid = {10BB389E-5CC8-4235-AA68-66474845DFFE}
	EndGlobalSection
EndGlobal
